Microsoft Visual Studio Solution File, Format Version 12.00
# Visual Studio Version 17
VisualStudioVersion = 17.5.2.0
MinimumVisualStudioVersion = 10.0.40219.1
Project("{FAE04EC0-301F-11D3-BF4B-00C04F79EFBC}") = "eApp", "eApp.csproj", "{A88F44B2-F44B-2181-1ED5-40DC12C6BB7E}"
EndProject
Global
	GlobalSection(SolutionConfigurationPlatforms) = preSolution
		Debug|Any CPU = Debug|Any CPU
		Release|Any CPU = Release|Any CPU
	EndGlobalSection
	GlobalSection(ProjectConfigurationPlatforms) = postSolution
		{A88F44B2-F44B-2181-1ED5-40DC12C6BB7E}.Debug|Any CPU.ActiveCfg = Debug|Any CPU
		{A88F44B2-F44B-2181-1ED5-40DC12C6BB7E}.Debug|Any CPU.Build.0 = Debug|Any CPU
		{A88F44B2-F44B-2181-1ED5-40DC12C6BB7E}.Release|Any CPU.ActiveCfg = Release|Any CPU
		{A88F44B2-F44B-2181-1ED5-40DC12C6BB7E}.Release|Any CPU.Build.0 = Release|Any CPU
	EndGlobalSection
	GlobalSection(SolutionProperties) = preSolution
		HideSolutionNode = FALSE
	EndGlobalSection
	GlobalSection(ExtensibilityGlobals) = postSolution
		SolutionGuid = {A3AF1F00-B237-4F0A-ABF2-E440DDFC4A43}
	EndGlobalSection
EndGlobal
